
Microsoft Visual Studio Solution File, Format Version 12.00
# Visual Studio Version 16
VisualStudioVersion = 16.0.29230.47
MinimumVisualStudioVersion = 10.0.40219.1
Project("{8BC9CEB8-8B4A-11D0-8D11-00A0C91BC942}") = "lab9", "lab9.vcxproj", "{AF2899D8-0111-47CA-B509-C41CF3C6BBFE}"
EndProject
Global
	GlobalSection(SolutionConfigurationPlatforms) = preSolution
		Debug|x64 = Debug|x64
		Debug|x86 = Debug|x86
		Release|x64 = Release|x64
		Release|x86 = Release|x86
	EndGlobalSection
	GlobalSection(ProjectConfigurationPlatforms) = postSolution
		{AF2899D8-0111-47CA-B509-C41CF3C6BBFE}.Debug|x64.ActiveCfg = Debug|x64
		{AF2899D8-0111-47CA-B509-C41CF3C6BBFE}.Debug|x64.Build.0 = Debug|x64
		{AF2899D8-0111-47CA-B509-C41CF3C6BBFE}.Debug|x86.ActiveCfg = Debug|Win32
		{AF2899D8-0111-47CA-B509-C41CF3C6BBFE}.Debug|x86.Build.0 = Debug|Win32
		{AF2899D8-0111-47CA-B509-C41CF3C6BBFE}.Release|x64.ActiveCfg = Release|x64
		{AF2899D8-0111-47CA-B509-C41CF3C6BBFE}.Release|x64.Build.0 = Release|x64
		{AF2899D8-0111-47CA-B509-C41CF3C6BBFE}.Release|x86.ActiveCfg = Release|Win32
		{AF2899D8-0111-47CA-B509-C41CF3C6BBFE}.Release|x86.Build.0 = Release|Win32
	EndGlobalSection
	GlobalSection(SolutionProperties) = preSolution
		HideSolutionNode = FALSE
	EndGlobalSection
	GlobalSection(ExtensibilityGlobals) = postSolution
		SolutionGuid = {95D94EA2-EFA2-4009-A72F-469229467F58}
	EndGlobalSection
EndGlobal
